
Microsoft Visual Studio Solution File, Format Version 12.00
# Visual Studio Version 17
VisualStudioVersion = 17.4.33110.190
MinimumVisualStudioVersion = 10.0.40219.1
Project("{9A19103F-16F7-4668-BE54-9A1E7A4F7556}") = "California-State-Template-MVC", "California-State-Template-MVC\California-State-Template-MVC.csproj", "{007F1C75-7D68-4531-9CB7-9DE882C54131}"
EndProject
Global
	GlobalSection(SolutionConfigurationPlatforms) = preSolution
		Debug|Any CPU = Debug|Any CPU
		Release|Any CPU = Release|Any CPU
	EndGlobalSection
	GlobalSection(ProjectConfigurationPlatforms) = postSolution
		{007F1C75-7D68-4531-9CB7-9DE882C54131}.Debug|Any CPU.ActiveCfg = Debug|Any CPU
		{007F1C75-7D68-4531-9CB7-9DE882C54131}.Debug|Any CPU.Build.0 = Debug|Any CPU
		{007F1C75-7D68-4531-9CB7-9DE882C54131}.Release|Any CPU.ActiveCfg = Release|Any CPU
		{007F1C75-7D68-4531-9CB7-9DE882C54131}.Release|Any CPU.Build.0 = Release|Any CPU
	EndGlobalSection
	GlobalSection(SolutionProperties) = preSolution
		HideSolutionNode = FALSE
	EndGlobalSection
	GlobalSection(ExtensibilityGlobals) = postSolution
		SolutionGuid = {2402B1CF-F22A-48ED-9B77-E037BF3A163D}
	EndGlobalSection
EndGlobal
